
Microsoft Visual Studio Solution File, Format Version 12.00
# Visual Studio Version 17
VisualStudioVersion = 17.9.34714.143
MinimumVisualStudioVersion = 10.0.40219.1
Project("{FAE04EC0-301F-11D3-BF4B-00C04F79EFBC}") = "Online_Retail_Store_v0", "Online_Retail_Store_v0.csproj", "{F6FF415A-B7D6-45B7-974C-004E244934D4}"
EndProject
Global
	GlobalSection(SolutionConfigurationPlatforms) = preSolution
		Debug|Any CPU = Debug|Any CPU
		Release|Any CPU = Release|Any CPU
	EndGlobalSection
	GlobalSection(ProjectConfigurationPlatforms) = postSolution
		{F6FF415A-B7D6-45B7-974C-004E244934D4}.Debug|Any CPU.ActiveCfg = Debug|Any CPU
		{F6FF415A-B7D6-45B7-974C-004E244934D4}.Debug|Any CPU.Build.0 = Debug|Any CPU
		{F6FF415A-B7D6-45B7-974C-004E244934D4}.Release|Any CPU.ActiveCfg = Release|Any CPU
		{F6FF415A-B7D6-45B7-974C-004E244934D4}.Release|Any CPU.Build.0 = Release|Any CPU
	EndGlobalSection
	GlobalSection(SolutionProperties) = preSolution
		HideSolutionNode = FALSE
	EndGlobalSection
	GlobalSection(ExtensibilityGlobals) = postSolution
		SolutionGuid = {5694CD01-0FF5-41F2-B73F-298D07237A26}
	EndGlobalSection
EndGlobal
